
Microsoft Visual Studio Solution File, Format Version 12.00
# Visual Studio Version 16
VisualStudioVersion = 16.0.30413.136
MinimumVisualStudioVersion = 10.0.40219.1
Project("{FAE04EC0-301F-11D3-BF4B-00C04F79EFBC}") = "CodedGhost.RabbitMQTools", "CodedGhost.RabbitMQTools\CodedGhost.RabbitMQTools.csproj", "{657A821D-710E-464F-BB3B-8BF002C4AA64}"
EndProject
Global
	GlobalSection(SolutionConfigurationPlatforms) = preSolution
		Debug|Any CPU = Debug|Any CPU
		Release|Any CPU = Release|Any CPU
	EndGlobalSection
	GlobalSection(ProjectConfigurationPlatforms) = postSolution
		{657A821D-710E-464F-BB3B-8BF002C4AA64}.Debug|Any CPU.ActiveCfg = Debug|Any CPU
		{657A821D-710E-464F-BB3B-8BF002C4AA64}.Debug|Any CPU.Build.0 = Debug|Any CPU
		{657A821D-710E-464F-BB3B-8BF002C4AA64}.Release|Any CPU.ActiveCfg = Release|Any CPU
		{657A821D-710E-464F-BB3B-8BF002C4AA64}.Release|Any CPU.Build.0 = Release|Any CPU
	EndGlobalSection
	GlobalSection(SolutionProperties) = preSolution
		HideSolutionNode = FALSE
	EndGlobalSection
	GlobalSection(ExtensibilityGlobals) = postSolution
		SolutionGuid = {75E56177-72D8-4561-8D6F-8479D8B58AC9}
	EndGlobalSection
EndGlobal
